github.com/Eto02/go-hello v1.0.0 h1:T9aK1/2NXGwbLfFtf/yN2oXTLTapOtdI6Jhqg2HU8IA=
github.com/Eto02/go-hello v1.0.0/go.mod h1:EMbEt/qWIImjpIYYZEC0fnrrFezZ+30rXH9KXLMxQcg=
github.com/Eto02/go-my-module v1.5.0 h1:6CZ7e3kbz0qEvkFPSSARpDWAJT0LqpDqLDkZqMI8DfY=
github.com/Eto02/go-my-module v1.5.0/go.mod h1:wPQv0xI8b2lRip030GxBczjuPjPYmaBAnu+JwQcgHLU=
